
Microsoft Visual Studio Solution File, Format Version 12.00
# Visual Studio Version 16
VisualStudioVersion = 16.0.30225.117
MinimumVisualStudioVersion = 10.0.40219.1
Project("{FAE04EC0-301F-11D3-BF4B-00C04F79EFBC}") = "ConsoleApp1", "ConsoleApp1\ConsoleApp1.csproj", "{D57AA0DA-B358-48AA-8516-7E5265A44A16}"
EndProject
Project("{FAE04EC0-301F-11D3-BF4B-00C04F79EFBC}") = "ConsoleApp2", "ConsoleApp2\ConsoleApp2.csproj", "{610796C8-BBBE-4D8A-B5E5-8291B98D06BC}"
EndProject
Project("{FAE04EC0-301F-11D3-BF4B-00C04F79EFBC}") = "ConsoleApp3", "ConsoleApp3\ConsoleApp3.csproj", "{9C0F57C4-710B-4260-834B-C71703A207A9}"
EndProject
Global
	GlobalSection(SolutionConfigurationPlatforms) = preSolution
		Debug|Any CPU = Debug|Any CPU
		Release|Any CPU = Release|Any CPU
	EndGlobalSection
	GlobalSection(ProjectConfigurationPlatforms) = postSolution
		{D57AA0DA-B358-48AA-8516-7E5265A44A16}.Debug|Any CPU.ActiveCfg = Debug|Any CPU
		{D57AA0DA-B358-48AA-8516-7E5265A44A16}.Debug|Any CPU.Build.0 = Debug|Any CPU
		{D57AA0DA-B358-48AA-8516-7E5265A44A16}.Release|Any CPU.ActiveCfg = Release|Any CPU
		{D57AA0DA-B358-48AA-8516-7E5265A44A16}.Release|Any CPU.Build.0 = Release|Any CPU
		{610796C8-BBBE-4D8A-B5E5-8291B98D06BC}.Debug|Any CPU.ActiveCfg = Debug|Any CPU
		{610796C8-BBBE-4D8A-B5E5-8291B98D06BC}.Debug|Any CPU.Build.0 = Debug|Any CPU
		{610796C8-BBBE-4D8A-B5E5-8291B98D06BC}.Release|Any CPU.ActiveCfg = Release|Any CPU
		{610796C8-BBBE-4D8A-B5E5-8291B98D06BC}.Release|Any CPU.Build.0 = Release|Any CPU
		{9C0F57C4-710B-4260-834B-C71703A207A9}.Debug|Any CPU.ActiveCfg = Debug|Any CPU
		{9C0F57C4-710B-4260-834B-C71703A207A9}.Debug|Any CPU.Build.0 = Debug|Any CPU
		{9C0F57C4-710B-4260-834B-C71703A207A9}.Release|Any CPU.ActiveCfg = Release|Any CPU
		{9C0F57C4-710B-4260-834B-C71703A207A9}.Release|Any CPU.Build.0 = Release|Any CPU
	EndGlobalSection
	GlobalSection(SolutionProperties) = preSolution
		HideSolutionNode = FALSE
	EndGlobalSection
	GlobalSection(ExtensibilityGlobals) = postSolution
		SolutionGuid = {EA8BC4F1-C2A4-4067-ACA7-9CD82B2E6C15}
	EndGlobalSection
EndGlobal
